{
  "requires": true,
  "lockfileVersion": 1,
  "dependencies": {
    "embla-carousel": {
      "version": "4.1.0",
      "resolved": "https://registry.npmjs.org/embla-carousel/-/embla-carousel-4.1.0.tgz",
      "integrity": "sha512-DO251gLGuOE5WQP4Rs5kkJ6MqcpUS1AfZo921JCfWPtTn2Hp6n38bcZSu+dlhsfNck5x/VoYASkqPkDaeCgLug=="
    },
    "react-app-rewired": {
      "version": "2.1.6",
      "resolved": "https://registry.npmjs.org/react-app-rewired/-/react-app-rewired-2.1.6.tgz",
      "integrity": "sha512-06flj0kK5tf/RN4naRv/sn6j3sQd7rsURoRLKLpffXDzJeNiAaTNic+0I8Basojy5WDwREkTqrMLewSAjcb13w==",
      "requires": {
        "semver": "^5.6.0"
      }
    },
    "react-swipeable": {
      "version": "6.0.0",
      "resolved": "https://registry.npmjs.org/react-swipeable/-/react-swipeable-6.0.0.tgz",
      "integrity": "sha512-0YqtZ6+wQFkii4g9hThPTk5Uof6sbJevUMyr07VwXQux+0mX4n7HJVVizp73+s8ABlxnG0eJiZ8L3BPOjUyF1w=="
    },
    "semver": {
      "version": "5.7.1",
      "resolved": "https://registry.npmjs.org/semver/-/semver-5.7.1.tgz",
      "integrity": "sha512-sauaDf/PZdVgrLTNYHRtpXa1iRiKcaebiKQ1BJdpQlWH2lCvexQdX55snPFyK7QzpudqbCI0qXFfOasHdyNDGQ=="
    }
  }
}
